// !$*UTF8*$!
{
	archiveVersion = 1;
	classes = {
	};
	objectVersion = 46;
	objects = {

/* Begin PBXBuildFile section */
		7914B2971808518100A8F989 /* Foundation.framework in Frameworks */ = {isa = PBXBuildFile; fileRef = 7914B2961808518100A8F989 /* Foundation.framework */; };
		7914B2991808518100A8F989 /* CoreGraphics.framework in Frameworks */ = {isa = PBXBuildFile; fileRef = 7914B2981808518100A8F989 /* CoreGraphics.framework */; };
		7914B29B1808518100A8F989 /* UIKit.framework in Frameworks */ = {isa = PBXBuildFile; fileRef = 7914B29A1808518100A8F989 /* UIKit.framework */; };
		7914B29D1808518100A8F989 /* CoreData.framework in Frameworks */ = {isa = PBXBuildFile; fileRef = 7914B29C1808518100A8F989 /* CoreData.framework */; };
		7914B2A31808518100A8F989 /* InfoPlist.strings in Resources */ = {isa = PBXBuildFile; fileRef = 7914B2A11808518100A8F989 /* InfoPlist.strings */; };
		7914B2A51808518100A8F989 /* main.m in Sources */ = {isa = PBXBuildFile; fileRef = 7914B2A41808518100A8F989 /* main.m */; };
		7914B2A91808518100A8F989 /* AppDelegate.m in Sources */ = {isa = PBXBuildFile; fileRef = 7914B2A81808518100A8F989 /* AppDelegate.m */; };
		7914B2AC1808518100A8F989 /* MyStore.xcdatamodeld in Sources */ = {isa = PBXBuildFile; fileRef = 7914B2AA1808518100A8F989 /* MyStore.xcdatamodeld */; };
		7914B2AE1808518100A8F989 /* Images.xcassets in Resources */ = {isa = PBXBuildFile; fileRef = 7914B2AD1808518100A8F989 /* Images.xcassets */; };
		7914B2B51808518100A8F989 /* XCTest.framework in Frameworks */ = {isa = PBXBuildFile; fileRef = 7914B2B41808518100A8F989 /* XCTest.framework */; };
		7914B2B61808518100A8F989 /* Foundation.framework in Frameworks */ = {isa = PBXBuildFile; fileRef = 7914B2961808518100A8F989 /* Foundation.framework */; };
		7914B2B71808518100A8F989 /* UIKit.framework in Frameworks */ = {isa = PBXBuildFile; fileRef = 7914B29A1808518100A8F989 /* UIKit.framework */; };
		7914B2B81808518100A8F989 /* CoreData.framework in Frameworks */ = {isa = PBXBuildFile; fileRef = 7914B29C1808518100A8F989 /* CoreData.framework */; };
		7914B2C01808518100A8F989 /* InfoPlist.strings in Resources */ = {isa = PBXBuildFile; fileRef = 7914B2BE1808518100A8F989 /* InfoPlist.strings */; };
		7914B2C21808518100A8F989 /* MyStoreTests.m in Sources */ = {isa = PBXBuildFile; fileRef = 7914B2C11808518100A8F989 /* MyStoreTests.m */; };
		7914B2CC180851F600A8F989 /* Storyboard.storyboard in Resources */ = {isa = PBXBuildFile; fileRef = 7914B2CB180851F600A8F989 /* Storyboard.storyboard */; };
/* End PBXBuildFile section */

/* Begin PBXContainerItemProxy section */
		7914B2B91808518100A8F989 /* PBXContainerItemProxy */ = {
			isa = PBXContainerItemProxy;
			containerPortal = 7914B28B1808518100A8F989 /* Project object */;
			proxyType = 1;
			remoteGlobalIDString = 7914B2921808518100A8F989;
			remoteInfo = MyStore;
		};
/* End PBXContainerItemProxy section */

/* Begin PBXFileReference section */
		7914B2931808518100A8F989 /* MyStore.app */ = {isa = PBXFileReference; explicitFileType = wrapper.application; includeInIndex = 0; path = MyStore.app; sourceTree = BUILT_PRODUCTS_DIR; };
		7914B2961808518100A8F989 /* Foundation.framework */ = {isa = PBXFileReference; lastKnownFileType = wrapper.framework; name = Foundation.framework; path = System/Library/Frameworks/Foundation.framework; sourceTree = SDKROOT; };
		7914B2981808518100A8F989 /* CoreGraphics.framework */ = {isa = PBXFileReference; lastKnownFileType = wrapper.framework; name = CoreGraphics.framework; path = System/Library/Frameworks/CoreGraphics.framework; sourceTree = SDKROOT; };
		7914B29A1808518100A8F989 /* UIKit.framework */ = {isa = PBXFileReference; lastKnownFileType = wrapper.framework; name = UIKit.framework; path = System/Library/Frameworks/UIKit.framework; sourceTree = SDKROOT; };
		7914B29C1808518100A8F989 /* CoreData.framework */ = {isa = PBXFileReference; lastKnownFileType = wrapper.framework; name = CoreData.framework; path = System/Library/Frameworks/CoreData.framework; sourceTree = SDKROOT; };
		7914B2A01808518100A8F989 /* MyStore-Info.plist */ = {isa = PBXFileReference; lastKnownFileType = text.plist.xml; path = "MyStore-Info.plist"; sourceTree = "<group>"; };
		7914B2A21808518100A8F989 /* en */ = {isa = PBXFileReference; lastKnownFileType = text.plist.strings; name = en; path = en.lproj/InfoPlist.strings; sourceTree = "<group>"; };
		7914B2A41808518100A8F989 /* main.m */ = {isa = PBXFileReference; lastKnownFileType = sourcecode.c.objc; path = main.m; sourceTree = "<group>"; };
		7914B2A61808518100A8F989 /* MyStore-Prefix.pch */ = {isa = PBXFileReference; lastKnownFileType = sourcecode.c.h; path = "MyStore-Prefix.pch"; sourceTree = "<group>"; };
		7914B2A71808518100A8F989 /* AppDelegate.h */ = {isa = PBXFileReference; lastKnownFileType = sourcecode.c.h; path = AppDelegate.h; sourceTree = "<group>"; };
		7914B2A81808518100A8F989 /* AppDelegate.m */ = {isa = PBXFileReference; lastKnownFileType = sourcecode.c.objc; path = AppDelegate.m; sourceTree = "<group>"; };
		7914B2AB1808518100A8F989 /* MyStore.xcdatamodel */ = {isa = PBXFileReference; lastKnownFileType = wrapper.xcdatamodel; path = MyStore.xcdatamodel; sourceTree = "<group>"; };
		7914B2AD1808518100A8F989 /* Images.xcassets */ = {isa = PBXFileReference; lastKnownFileType = folder.assetcatalog; path = Images.xcassets; sourceTree = "<group>"; };
		7914B2B31808518100A8F989 /* MyStoreTests.xctest */ = {isa = PBXFileReference; explicitFileType = wrapper.cfbundle; includeInIndex = 0; path = MyStoreTests.xctest; sourceTree = BUILT_PRODUCTS_DIR; };
		7914B2B41808518100A8F989 /* XCTest.framework */ = {isa = PBXFileReference; lastKnownFileType = wrapper.framework; name = XCTest.framework; path = Library/Frameworks/XCTest.framework; sourceTree = DEVELOPER_DIR; };
		7914B2BD1808518100A8F989 /* MyStoreTests-Info.plist */ = {isa = PBXFileReference; lastKnownFileType = text.plist.xml; path = "MyStoreTests-Info.plist"; sourceTree = "<group>"; };
		7914B2BF1808518100A8F989 /* en */ = {isa = PBXFileReference; lastKnownFileType = text.plist.strings; name = en; path = en.lproj/InfoPlist.strings; sourceTree = "<group>"; };
		7914B2C11808518100A8F989 /* MyStoreTests.m */ = {isa = PBXFileReference; lastKnownFileType = sourcecode.c.objc; path = MyStoreTests.m; sourceTree = "<group>"; };
		7914B2CB180851F600A8F989 /* Storyboard.storyboard */ = {isa = PBXFileReference; fileEncoding = 4; lastKnownFileType = file.storyboard; path = Storyboard.storyboard; sourceTree = "<group>"; };
/* End PBXFileReference section */

/* Begin PBXFrameworksBuildPhase section */
		7914B2901808518100A8F989 /* Frameworks */ = {
			isa = PBXFrameworksBuildPhase;
			buildActionMask = 2147483647;
			files = (
				7914B2991808518100A8F989 /* CoreGraphics.framework in Frameworks */,
				7914B29D1808518100A8F989 /* CoreData.framework in Frameworks */,
				7914B29B1808518100A8F989 /* UIKit.framework in Frameworks */,
				7914B2971808518100A8F989 /* Foundation.framework in Frameworks */,
			);
			runOnlyForDeploymentPostprocessing = 0;
		};
		7914B2B01808518100A8F989 /* Frameworks */ = {
			isa = PBXFrameworksBuildPhase;
			buildActionMask = 2147483647;
			files = (
				7914B2B51808518100A8F989 /* XCTest.framework in Frameworks */,
				7914B2B81808518100A8F989 /* CoreData.framework in Frameworks */,
				7914B2B71808518100A8F989 /* UIKit.framework in Frameworks */,
				7914B2B61808518100A8F989 /* Foundation.framework in Frameworks */,
			);
			runOnlyForDeploymentPostprocessing = 0;
		};
/* End PBXFrameworksBuildPhase section */

/* Begin PBXGroup section */
		7914B28A1808518100A8F989 = {
			isa = PBXGroup;
			children = (
				7914B29E1808518100A8F989 /* MyStore */,
				7914B2BB1808518100A8F989 /* MyStoreTests */,
				7914B2951808518100A8F989 /* Frameworks */,
				7914B2941808518100A8F989 /* Products */,
			);
			sourceTree = "<group>";
		};
		7914B2941808518100A8F989 /* Products */ = {
			isa = PBXGroup;
			children = (
				7914B2931808518100A8F989 /* MyStore.app */,
				7914B2B31808518100A8F989 /* MyStoreTests.xctest */,
			);
			name = Products;
			sourceTree = "<group>";
		};
		7914B2951808518100A8F989 /* Frameworks */ = {
			isa = PBXGroup;
			children = (
				7914B2961808518100A8F989 /* Foundation.framework */,
				7914B2981808518100A8F989 /* CoreGraphics.framework */,
				7914B29A1808518100A8F989 /* UIKit.framework */,
				7914B29C1808518100A8F989 /* CoreData.framework */,
				7914B2B41808518100A8F989 /* XCTest.framework */,
			);
			name = Frameworks;
			sourceTree = "<group>";
		};
		7914B29E1808518100A8F989 /* MyStore */ = {
			isa = PBXGroup;
			children = (
				7914B2A71808518100A8F989 /* AppDelegate.h */,
				7914B2A81808518100A8F989 /* AppDelegate.m */,
				7914B2AD1808518100A8F989 /* Images.xcassets */,
				7914B2AA1808518100A8F989 /* MyStore.xcdatamodeld */,
				7914B2CB180851F600A8F989 /* Storyboard.storyboard */,
				7914B29F1808518100A8F989 /* Supporting Files */,
			);
			path = MyStore;
			sourceTree = "<group>";
		};
		7914B29F1808518100A8F989 /* Supporting Files */ = {
			isa = PBXGroup;
			children = (
				7914B2A01808518100A8F989 /* MyStore-Info.plist */,
				7914B2A11808518100A8F989 /* InfoPlist.strings */,
				7914B2A41808518100A8F989 /* main.m */,
				7914B2A61808518100A8F989 /* MyStore-Prefix.pch */,
			);
			name = "Supporting Files";
			sourceTree = "<group>";
		};
		7914B2BB1808518100A8F989 /* MyStoreTests */ = {
			isa = PBXGroup;
			children = (
				7914B2C11808518100A8F989 /* MyStoreTests.m */,
				7914B2BC1808518100A8F989 /* Supporting Files */,
			);
			path = MyStoreTests;
			sourceTree = "<group>";
		};
		7914B2BC1808518100A8F989 /* Supporting Files */ = {
			isa = PBXGroup;
			children = (
				7914B2BD1808518100A8F989 /* MyStoreTests-Info.plist */,
				7914B2BE1808518100A8F989 /* InfoPlist.strings */,
			);
			name = "Supporting Files";
			sourceTree = "<group>";
		};
/* End PBXGroup section */

/* Begin PBXNativeTarget section */
		7914B2921808518100A8F989 /* MyStore */ = {
			isa = PBXNativeTarget;
			buildConfigurationList = 7914B2C51808518100A8F989 /* Build configuration list for PBXNativeTarget "MyStore" */;
			buildPhases = (
				7914B28F1808518100A8F989 /* Sources */,
				7914B2901808518100A8F989 /* Frameworks */,
				7914B2911808518100A8F989 /* Resources */,
			);
			buildRules = (
			);
			dependencies = (
			);
			name = MyStore;
			productName = MyStore;
			productReference = 7914B2931808518100A8F989 /* MyStore.app */;
			productType = "com.apple.product-type.application";
		};
		7914B2B21808518100A8F989 /* MyStoreTests */ = {
			isa = PBXNativeTarget;
			buildConfigurationList = 7914B2C81808518100A8F989 /* Build configuration list for PBXNativeTarget "MyStoreTests" */;
			buildPhases = (
				7914B2AF1808518100A8F989 /* Sources */,
				7914B2B01808518100A8F989 /* Frameworks */,
				7914B2B11808518100A8F989 /* Resources */,
			);
			buildRules = (
			);
			dependencies = (
				7914B2BA1808518100A8F989 /* PBXTargetDependency */,
			);
			name = MyStoreTests;
			productName = MyStoreTests;
			productReference = 7914B2B31808518100A8F989 /* MyStoreTests.xctest */;
			productType = "com.apple.product-type.bundle.unit-test";
		};
/* End PBXNativeTarget section */

/* Begin PBXProject section */
		7914B28B1808518100A8F989 /* Project object */ = {
			isa = PBXProject;
			attributes = {
				LastUpgradeCheck = 0500;
				ORGANIZATIONNAME = "Richard Goldberg";
				TargetAttributes = {
					7914B2B21808518100A8F989 = {
						TestTargetID = 7914B2921808518100A8F989;
					};
				};
			};
			buildConfigurationList = 7914B28E1808518100A8F989 /* Build configuration list for PBXProject "MyStore" */;
			compatibilityVersion = "Xcode 3.2";
			developmentRegion = English;
			hasScannedForEncodings = 0;
			knownRegions = (
				en,
			);
			mainGroup = 7914B28A1808518100A8F989;
			productRefGroup = 7914B2941808518100A8F989 /* Products */;
			projectDirPath = "";
			projectRoot = "";
			targets = (
				7914B2921808518100A8F989 /* MyStore */,
				7914B2B21808518100A8F989 /* MyStoreTests */,
			);
		};
/* End PBXProject section */

/* Begin PBXResourcesBuildPhase section */
		7914B2911808518100A8F989 /* Resources */ = {
			isa = PBXResourcesBuildPhase;
			buildActionMask = 2147483647;
			files = (
				7914B2A31808518100A8F989 /* InfoPlist.strings in Resources */,
				7914B2AE1808518100A8F989 /* Images.xcassets in Resources */,
				7914B2CC180851F600A8F989 /* Storyboard.storyboard in Resources */,
			);
			runOnlyForDeploymentPostprocessing = 0;
		};
		7914B2B11808518100A8F989 /* Resources */ = {
			isa = PBXResourcesBuildPhase;
			buildActionMask = 2147483647;
			files = (
				7914B2C01808518100A8F989 /* InfoPlist.strings in Resources */,
			);
			runOnlyForDeploymentPostprocessing = 0;
		};
/* End PBXResourcesBuildPhase section */

/* Begin PBXSourcesBuildPhase section */
		7914B28F1808518100A8F989 /* Sources */ = {
			isa = PBXSourcesBuildPhase;
			buildActionMask = 2147483647;
			files = (
				7914B2A91808518100A8F989 /* AppDelegate.m in Sources */,
				7914B2AC1808518100A8F989 /* MyStore.xcdatamodeld in Sources */,
				7914B2A51808518100A8F989 /* main.m in Sources */,
			);
			runOnlyForDeploymentPostprocessing = 0;
		};
		7914B2AF1808518100A8F989 /* Sources */ = {
			isa = PBXSourcesBuildPhase;
			buildActionMask = 2147483647;
			files = (
				7914B2C21808518100A8F989 /* MyStoreTests.m in Sources */,
			);
			runOnlyForDeploymentPostprocessing = 0;
		};
/* End PBXSourcesBuildPhase section */

/* Begin PBXTargetDependency section */
		7914B2BA1808518100A8F989 /* PBXTargetDependency */ = {
			isa = PBXTargetDependency;
			target = 7914B2921808518100A8F989 /* MyStore */;
			targetProxy = 7914B2B91808518100A8F989 /* PBXContainerItemProxy */;
		};
/* End PBXTargetDependency section */

/* Begin PBXVariantGroup section */
		7914B2A11808518100A8F989 /* InfoPlist.strings */ = {
			isa = PBXVariantGroup;
			children = (
				7914B2A21808518100A8F989 /* en */,
			);
			name = InfoPlist.strings;
			sourceTree = "<group>";
		};
		7914B2BE1808518100A8F989 /* InfoPlist.strings */ = {
			isa = PBXVariantGroup;
			children = (
				7914B2BF1808518100A8F989 /* en */,
			);
			name = InfoPlist.strings;
			sourceTree = "<group>";
		};
/* End PBXVariantGroup section */

/* Begin XCBuildConfiguration section */
		7914B2C31808518100A8F989 /* Debug */ = {
			isa = XCBuildConfiguration;
			buildSettings = {
				ALWAYS_SEARCH_USER_PATHS = NO;
				ARCHS = "$(ARCHS_STANDARD_INCLUDING_64_BIT)";
				CLANG_CXX_LANGUAGE_STANDARD = "gnu++0x";
				CLANG_CXX_LIBRARY = "libc++";
				CLANG_ENABLE_MODULES = YES;
				CLANG_ENABLE_OBJC_ARC = YES;
				CLANG_WARN_BOOL_CONVERSION = YES;
				CLANG_WARN_CONSTANT_CONVERSION = YES;
				CLANG_WARN_DIRECT_OBJC_ISA_USAGE = YES_ERROR;
				CLANG_WARN_EMPTY_BODY = YES;
				CLANG_WARN_ENUM_CONVERSION = YES;
				CLANG_WARN_INT_CONVERSION = YES;
				CLANG_WARN_OBJC_ROOT_CLASS = YES_ERROR;
				CLANG_WARN__DUPLICATE_METHOD_MATCH = YES;
				"CODE_SIGN_IDENTITY[sdk=iphoneos*]" = "iPhone Developer";
				COPY_PHASE_STRIP = NO;
				GCC_C_LANGUAGE_STANDARD = gnu99;
				GCC_DYNAMIC_NO_PIC = NO;
				GCC_OPTIMIZATION_LEVEL = 0;
				GCC_PREPROCESSOR_DEFINITIONS = (
					"DEBUG=1",
					"$(inherited)",
				);
				GCC_SYMBOLS_PRIVATE_EXTERN = NO;
				GCC_WARN_64_TO_32_BIT_CONVERSION = YES;
				GCC_WARN_ABOUT_RETURN_TYPE = YES_ERROR;
				GCC_WARN_UNDECLARED_SELECTOR = YES;
				GCC_WARN_UNINITIALIZED_AUTOS = YES;
				GCC_WARN_UNUSED_FUNCTION = YES;
				GCC_WARN_UNUSED_VARIABLE = YES;
				IPHONEOS_DEPLOYMENT_TARGET = 7.0;
				ONLY_ACTIVE_ARCH = YES;
				SDKROOT = iphoneos;
			};
			name = Debug;
		};
		7914B2C41808518100A8F989 /* Release */ = {
			isa = XCBuildConfiguration;
			buildSettings = {
				ALWAYS_SEARCH_USER_PATHS = NO;
				ARCHS = "$(ARCHS_STANDARD_INCLUDING_64_BIT)";
				CLANG_CXX_LANGUAGE_STANDARD = "gnu++0x";
				CLANG_CXX_LIBRARY = "libc++";
				CLANG_ENABLE_MODULES = YES;
				CLANG_ENABLE_OBJC_ARC = YES;
				CLANG_WARN_BOOL_CONVERSION = YES;
				CLANG_WARN_CONSTANT_CONVERSION = YES;
				CLANG_WARN_DIRECT_OBJC_ISA_USAGE = YES_ERROR;
				CLANG_WARN_EMPTY_BODY = YES;
				CLANG_WARN_ENUM_CONVERSION = YES;
				CLANG_WARN_INT_CONVERSION = YES;
				CLANG_WARN_OBJC_ROOT_CLASS = YES_ERROR;
				CLANG_WARN__DUPLICATE_METHOD_MATCH = YES;
				"CODE_SIGN_IDENTITY[sdk=iphoneos*]" = "iPhone Developer";
				COPY_PHASE_STRIP = YES;
				ENABLE_NS_ASSERTIONS = NO;
				GCC_C_LANGUAGE_STANDARD = gnu99;
				GCC_WARN_64_TO_32_BIT_CONVERSION = YES;
				GCC_WARN_ABOUT_RETURN_TYPE = YES_ERROR;
				GCC_WARN_UNDECLARED_SELECTOR = YES;
				GCC_WARN_UNINITIALIZED_AUTOS = YES;
				GCC_WARN_UNUSED_FUNCTION = YES;
				GCC_WARN_UNUSED_VARIABLE = YES;
				IPHONEOS_DEPLOYMENT_TARGET = 7.0;
				SDKROOT = iphoneos;
				VALIDATE_PRODUCT = YES;
			};
			name = Release;
		};
		7914B2C61808518100A8F989 /* Debug */ = {
			isa = XCBuildConfiguration;
			buildSettings = {
				ASSETCATALOG_COMPILER_APPICON_NAME = AppIcon;
				ASSETCATALOG_COMPILER_LAUNCHIMAGE_NAME = LaunchImage;
				GCC_PRECOMPILE_PREFIX_HEADER = YES;
				GCC_PREFIX_HEADER = "MyStore/MyStore-Prefix.pch";
				INFOPLIST_FILE = "MyStore/MyStore-Info.plist";
				PRODUCT_NAME = "$(TARGET_NAME)";
				WRAPPER_EXTENSION = app;
			};
			name = Debug;
		};
		7914B2C71808518100A8F989 /* Release */ = {
			isa = XCBuildConfiguration;
			buildSettings = {
				ASSETCATALOG_COMPILER_APPICON_NAME = AppIcon;
				ASSETCATALOG_COMPILER_LAUNCHIMAGE_NAME = LaunchImage;
				GCC_PRECOMPILE_PREFIX_HEADER = YES;
				GCC_PREFIX_HEADER = "MyStore/MyStore-Prefix.pch";
				INFOPLIST_FILE = "MyStore/MyStore-Info.plist";
				PRODUCT_NAME = "$(TARGET_NAME)";
				WRAPPER_EXTENSION = app;
			};
			name = Release;
		};
		7914B2C91808518100A8F989 /* Debug */ = {
			isa = XCBuildConfiguration;
			buildSettings = {
				ARCHS = "$(ARCHS_STANDARD_INCLUDING_64_BIT)";
				BUNDLE_LOADER = "$(BUILT_PRODUCTS_DIR)/MyStore.app/MyStore";
				FRAMEWORK_SEARCH_PATHS = (
					"$(SDKROOT)/Developer/Library/Frameworks",
					"$(inherited)",
					"$(DEVELOPER_FRAMEWORKS_DIR)",
				);
				GCC_PRECOMPILE_PREFIX_HEADER = YES;
				GCC_PREFIX_HEADER = "MyStore/MyStore-Prefix.pch";
				GCC_PREPROCESSOR_DEFINITIONS = (
					"DEBUG=1",
					"$(inherited)",
				);
				INFOPLIST_FILE = "MyStoreTests/MyStoreTests-Info.plist";
				PRODUCT_NAME = "$(TARGET_NAME)";
				TEST_HOST = "$(BUNDLE_LOADER)";
				WRAPPER_EXTENSION = xctest;
			};
			name = Debug;
		};
		7914B2CA1808518100A8F989 /* Release */ = {
			isa = XCBuildConfiguration;
			buildSettings = {
				ARCHS = "$(ARCHS_STANDARD_INCLUDING_64_BIT)";
				BUNDLE_LOADER = "$(BUILT_PRODUCTS_DIR)/MyStore.app/MyStore";
				FRAMEWORK_SEARCH_PATHS = (
					"$(SDKROOT)/Developer/Library/Frameworks",
					"$(inherited)",
					"$(DEVELOPER_FRAMEWORKS_DIR)",
				);
				GCC_PRECOMPILE_PREFIX_HEADER = YES;
				GCC_PREFIX_HEADER = "MyStore/MyStore-Prefix.pch";
				INFOPLIST_FILE = "MyStoreTests/MyStoreTests-Info.plist";
				PRODUCT_NAME = "$(TARGET_NAME)";
				TEST_HOST = "$(BUNDLE_LOADER)";
				WRAPPER_EXTENSION = xctest;
			};
			name = Release;
		};
/* End XCBuildConfiguration section */

/* Begin XCConfigurationList section */
		7914B28E1808518100A8F989 /* Build configuration list for PBXProject "MyStore" */ = {
			isa = XCConfigurationList;
			buildConfigurations = (
				7914B2C31808518100A8F989 /* Debug */,
				7914B2C41808518100A8F989 /* Release */,
			);
			defaultConfigurationIsVisible = 0;
			defaultConfigurationName = Release;
		};
		7914B2C51808518100A8F989 /* Build configuration list for PBXNativeTarget "MyStore" */ = {
			isa = XCConfigurationList;
			buildConfigurations = (
				7914B2C61808518100A8F989 /* Debug */,
				7914B2C71808518100A8F989 /* Release */,
			);
			defaultConfigurationIsVisible = 0;
		};
		7914B2C81808518100A8F989 /* Build configuration list for PBXNativeTarget "MyStoreTests" */ = {
			isa = XCConfigurationList;
			buildConfigurations = (
				7914B2C91808518100A8F989 /* Debug */,
				7914B2CA1808518100A8F989 /* Release */,
			);
			defaultConfigurationIsVisible = 0;
		};
/* End XCConfigurationList section */

/* Begin XCVersionGroup section */
		7914B2AA1808518100A8F989 /* MyStore.xcdatamodeld */ = {
			isa = XCVersionGroup;
			children = (
				7914B2AB1808518100A8F989 /* MyStore.xcdatamodel */,
			);
			currentVersion = 7914B2AB1808518100A8F989 /* MyStore.xcdatamodel */;
			path = MyStore.xcdatamodeld;
			sourceTree = "<group>";
			versionGroupType = wrapper.xcdatamodel;
		};
/* End XCVersionGroup section */
	};
	rootObject = 7914B28B1808518100A8F989 /* Project object */;
}
